%{
  "absinthe": {:hex, :absinthe, "1.5.1", "2f462f5849b2a4f72889d5a131ca6760b47ca8c5de2ba21c1dca3889634f2277", [:mix], [{:dataloader, "~> 1.0.0", [hex: :dataloader, repo: "hexpm", optional: true]}, {:decimal, "~> 1.0", [hex: :decimal, repo: "hexpm", optional: true]}, {:nimble_parsec, "~> 0.5", [hex: :nimble_parsec, repo: "hexpm", optional: false]}, {:telemetry, "~> 0.4.0", [hex: :telemetry, repo: "hexpm", optional: false]}], "hexpm", "b264eeb69605c6012f563e240edcca3d8abc5a725cab6f58ad82510a0283618b"},
  "nimble_parsec": {:hex, :nimble_parsec, "0.6.0", "32111b3bf39137144abd7ba1cce0914533b2d16ef35e8abc5ec8be6122944263", [:mix], [], "hexpm", "27eac315a94909d4dc68bc07a4a83e06c8379237c5ea528a9acff4ca1c873c52"},
  "opentelemetry_api": {:hex, :opentelemetry_api, "0.3.2", "b474cd21af5855a6dfff0912f26c7c40fbf1fd05b045d8e29fd53edeb4c3ec99", [:mix, :rebar3], [], "hexpm", "39b0ef74906e5d001ad244307337d168c594c2a05b67beaddad48ceaebfee352"},
  "telemetry": {:hex, :telemetry, "0.4.2", "2808c992455e08d6177322f14d3bdb6b625fbcfd233a73505870d8738a2f4599", [:rebar3], [], "hexpm", "2d1419bd9dda6a206d7b5852179511722e2b18812310d304620c7bd92a13fcef"},
}
